{
  "requires": true,
  "lockfileVersion": 1,
  "dependencies": {
    "ion2-calendar": {
      "version": "3.5.0",
      "resolved": "https://registry.npmjs.org/ion2-calendar/-/ion2-calendar-3.5.0.tgz",
      "integrity": "sha512-LAd+fd+z95Ftvwa899bErre4ld9Cf/eF3iOd0NmLOGTqbdICi65GnyGAtTLQLdxNuj6arizyh8YC6rxt0m1y5Q=="
    }
  }
}
